
Microsoft Visual Studio Solution File, Format Version 12.00
# Visual Studio 15
VisualStudioVersion = 15.0.26730.16
MinimumVisualStudioVersion = 10.0.40219.1
Project("{FAE04EC0-301F-11D3-BF4B-00C04F79EFBC}") = "LCDTempService", "LCDTempService\LCDTempService.csproj", "{B75CD19C-689F-4E11-805E-BDD8B0E676E3}"
EndProject
Global
	GlobalSection(SolutionConfigurationPlatforms) = preSolution
		Debug|Any CPU = Debug|Any CPU
		Release|Any CPU = Release|Any CPU
	EndGlobalSection
	GlobalSection(ProjectConfigurationPlatforms) = postSolution
		{B75CD19C-689F-4E11-805E-BDD8B0E676E3}.Debug|Any CPU.ActiveCfg = Debug|Any CPU
		{B75CD19C-689F-4E11-805E-BDD8B0E676E3}.Debug|Any CPU.Build.0 = Debug|Any CPU
		{B75CD19C-689F-4E11-805E-BDD8B0E676E3}.Release|Any CPU.ActiveCfg = Release|Any CPU
		{B75CD19C-689F-4E11-805E-BDD8B0E676E3}.Release|Any CPU.Build.0 = Release|Any CPU
	EndGlobalSection
	GlobalSection(SolutionProperties) = preSolution
		HideSolutionNode = FALSE
	EndGlobalSection
	GlobalSection(ExtensibilityGlobals) = postSolution
		SolutionGuid = {FE689B26-9A90-4832-9F8F-9F75C2AA8B9C}
	EndGlobalSection
EndGlobal
